
Microsoft Visual Studio Solution File, Format Version 12.00
# Visual Studio Version 17
VisualStudioVersion = 17.4.33213.308
MinimumVisualStudioVersion = 10.0.40219.1
Project("{9A19103F-16F7-4668-BE54-9A1E7A4F7556}") = "ArchimedesPermissionsTest", "ArchimedesPermissionsTest\ArchimedesPermissionsTest.csproj", "{06E65E8D-AFED-46FC-A3DE-B52A6C2A6C15}"
EndProject
Project("{9A19103F-16F7-4668-BE54-9A1E7A4F7556}") = "SpiceDb", "SpiceDb\SpiceDb\SpiceDb.csproj", "{7FD2A65D-03DF-4FF3-9322-03D5E0402832}"
EndProject
Project("{9A19103F-16F7-4668-BE54-9A1E7A4F7556}") = "Archimedes.Domain", "Archimedes\Archimedes.Domain\Archimedes.Domain.csproj", "{69B89131-258C-4281-A40C-5D4F3D59D608}"
EndProject
Project("{9A19103F-16F7-4668-BE54-9A1E7A4F7556}") = "Archimedes.Infrastructure", "Archimedes\Archimedes.Infrastructure\Archimedes.Infrastructure.csproj", "{7145C1FA-F8A7-4FF8-ABF6-7B41123E51B0}"
EndProject
Project("{9A19103F-16F7-4668-BE54-9A1E7A4F7556}") = "Archimedes.Util", "Archimedes\Archimedes.Util\Archimedes.Util.csproj", "{B4FF1DA7-F540-4325-95A9-68BFE4720DF8}"
EndProject
Project("{9A19103F-16F7-4668-BE54-9A1E7A4F7556}") = "ServiceStack.Quartz", "Archimedes\ServiceStack.Quartz\ServiceStack.Quartz.csproj", "{7EC908CB-17A8-4891-9073-D60F7B9404A9}"
EndProject
Project("{9A19103F-16F7-4668-BE54-9A1E7A4F7556}") = "ArchimedesPermissionServiceTest", "ArchimedesPermissionServiceTest\ArchimedesPermissionServiceTest.csproj", "{C4D90AED-9A72-4240-B25D-3B91A37B55E7}"
EndProject
Project("{9A19103F-16F7-4668-BE54-9A1E7A4F7556}") = "ServiceStack.Jwks", "Archimedes\ServiceStack.Jwks\ServiceStack.Jwks.csproj", "{C5A0893F-F281-4985-BAB8-087076E28859}"
EndProject
Project("{9A19103F-16F7-4668-BE54-9A1E7A4F7556}") = "Doppler.Extensions.Configuration", "Archimedes\Doppler.Extensions.Configuration\Doppler.Extensions.Configuration.csproj", "{69EF39DA-5E2F-4AC9-8E3A-C4FCBDC9E5D6}"
EndProject
Project("{9A19103F-16F7-4668-BE54-9A1E7A4F7556}") = "Archimedes", "Archimedes\Archimedes\Archimedes.csproj", "{A015F43A-76B6-47A5-8F2F-84C22F3594B9}"
EndProject
Project("{9A19103F-16F7-4668-BE54-9A1E7A4F7556}") = "Archimedes.ServiceInterface", "Archimedes\Archimedes.ServiceInterface\Archimedes.ServiceInterface.csproj", "{2C17695F-93AD-4BD2-9970-999A05028025}"
EndProject
Project("{9A19103F-16F7-4668-BE54-9A1E7A4F7556}") = "Archimedes.ServiceModel", "Archimedes\Archimedes.ServiceModel\Archimedes.ServiceModel.csproj", "{812630C9-ED5D-481D-AADC-46933243545E}"
EndProject
Project("{9A19103F-16F7-4668-BE54-9A1E7A4F7556}") = "Archimedes.Tests", "Archimedes\Archimedes.Tests\Archimedes.Tests.csproj", "{E14835CB-6B5C-4590-8E24-7EF20029A990}"
EndProject
Project("{9A19103F-16F7-4668-BE54-9A1E7A4F7556}") = "SpiceDb.Example", "SpiceDb\SpiceDb.Example\SpiceDb.Example.csproj", "{CC82AD19-B609-46F2-81DE-7C60982558BC}"
EndProject
Global
	GlobalSection(SolutionConfigurationPlatforms) = preSolution
		Debug|Any CPU = Debug|Any CPU
		Release|Any CPU = Release|Any CPU
	EndGlobalSection
	GlobalSection(ProjectConfigurationPlatforms) = postSolution
		{06E65E8D-AFED-46FC-A3DE-B52A6C2A6C15}.Debug|Any CPU.ActiveCfg = Debug|Any CPU
		{06E65E8D-AFED-46FC-A3DE-B52A6C2A6C15}.Debug|Any CPU.Build.0 = Debug|Any CPU
		{06E65E8D-AFED-46FC-A3DE-B52A6C2A6C15}.Release|Any CPU.ActiveCfg = Release|Any CPU
		{06E65E8D-AFED-46FC-A3DE-B52A6C2A6C15}.Release|Any CPU.Build.0 = Release|Any CPU
		{7FD2A65D-03DF-4FF3-9322-03D5E0402832}.Debug|Any CPU.ActiveCfg = Debug|Any CPU
		{7FD2A65D-03DF-4FF3-9322-03D5E0402832}.Debug|Any CPU.Build.0 = Debug|Any CPU
		{7FD2A65D-03DF-4FF3-9322-03D5E0402832}.Release|Any CPU.ActiveCfg = Release|Any CPU
		{7FD2A65D-03DF-4FF3-9322-03D5E0402832}.Release|Any CPU.Build.0 = Release|Any CPU
		{69B89131-258C-4281-A40C-5D4F3D59D608}.Debug|Any CPU.ActiveCfg = Debug|Any CPU
		{69B89131-258C-4281-A40C-5D4F3D59D608}.Debug|Any CPU.Build.0 = Debug|Any CPU
		{69B89131-258C-4281-A40C-5D4F3D59D608}.Release|Any CPU.ActiveCfg = Release|Any CPU
		{69B89131-258C-4281-A40C-5D4F3D59D608}.Release|Any CPU.Build.0 = Release|Any CPU
		{7145C1FA-F8A7-4FF8-ABF6-7B41123E51B0}.Debug|Any CPU.ActiveCfg = Debug|Any CPU
		{7145C1FA-F8A7-4FF8-ABF6-7B41123E51B0}.Debug|Any CPU.Build.0 = Debug|Any CPU
		{7145C1FA-F8A7-4FF8-ABF6-7B41123E51B0}.Release|Any CPU.ActiveCfg = Release|Any CPU
		{7145C1FA-F8A7-4FF8-ABF6-7B41123E51B0}.Release|Any CPU.Build.0 = Release|Any CPU
		{B4FF1DA7-F540-4325-95A9-68BFE4720DF8}.Debug|Any CPU.ActiveCfg = Debug|Any CPU
		{B4FF1DA7-F540-4325-95A9-68BFE4720DF8}.Debug|Any CPU.Build.0 = Debug|Any CPU
		{B4FF1DA7-F540-4325-95A9-68BFE4720DF8}.Release|Any CPU.ActiveCfg = Release|Any CPU
		{B4FF1DA7-F540-4325-95A9-68BFE4720DF8}.Release|Any CPU.Build.0 = Release|Any CPU
		{7EC908CB-17A8-4891-9073-D60F7B9404A9}.Debug|Any CPU.ActiveCfg = Debug|Any CPU
		{7EC908CB-17A8-4891-9073-D60F7B9404A9}.Debug|Any CPU.Build.0 = Debug|Any CPU
		{7EC908CB-17A8-4891-9073-D60F7B9404A9}.Release|Any CPU.ActiveCfg = Release|Any CPU
		{7EC908CB-17A8-4891-9073-D60F7B9404A9}.Release|Any CPU.Build.0 = Release|Any CPU
		{C4D90AED-9A72-4240-B25D-3B91A37B55E7}.Debug|Any CPU.ActiveCfg = Debug|Any CPU
		{C4D90AED-9A72-4240-B25D-3B91A37B55E7}.Debug|Any CPU.Build.0 = Debug|Any CPU
		{C4D90AED-9A72-4240-B25D-3B91A37B55E7}.Release|Any CPU.ActiveCfg = Release|Any CPU
		{C4D90AED-9A72-4240-B25D-3B91A37B55E7}.Release|Any CPU.Build.0 = Release|Any CPU
		{C5A0893F-F281-4985-BAB8-087076E28859}.Debug|Any CPU.ActiveCfg = Debug|Any CPU
		{C5A0893F-F281-4985-BAB8-087076E28859}.Debug|Any CPU.Build.0 = Debug|Any CPU
		{C5A0893F-F281-4985-BAB8-087076E28859}.Release|Any CPU.ActiveCfg = Release|Any CPU
		{C5A0893F-F281-4985-BAB8-087076E28859}.Release|Any CPU.Build.0 = Release|Any CPU
		{69EF39DA-5E2F-4AC9-8E3A-C4FCBDC9E5D6}.Debug|Any CPU.ActiveCfg = Debug|Any CPU
		{69EF39DA-5E2F-4AC9-8E3A-C4FCBDC9E5D6}.Debug|Any CPU.Build.0 = Debug|Any CPU
		{69EF39DA-5E2F-4AC9-8E3A-C4FCBDC9E5D6}.Release|Any CPU.ActiveCfg = Release|Any CPU
		{69EF39DA-5E2F-4AC9-8E3A-C4FCBDC9E5D6}.Release|Any CPU.Build.0 = Release|Any CPU
		{A015F43A-76B6-47A5-8F2F-84C22F3594B9}.Debug|Any CPU.ActiveCfg = Debug|Any CPU
		{A015F43A-76B6-47A5-8F2F-84C22F3594B9}.Debug|Any CPU.Build.0 = Debug|Any CPU
		{A015F43A-76B6-47A5-8F2F-84C22F3594B9}.Release|Any CPU.ActiveCfg = Release|Any CPU
		{A015F43A-76B6-47A5-8F2F-84C22F3594B9}.Release|Any CPU.Build.0 = Release|Any CPU
		{2C17695F-93AD-4BD2-9970-999A05028025}.Debug|Any CPU.ActiveCfg = Debug|Any CPU
		{2C17695F-93AD-4BD2-9970-999A05028025}.Debug|Any CPU.Build.0 = Debug|Any CPU
		{2C17695F-93AD-4BD2-9970-999A05028025}.Release|Any CPU.ActiveCfg = Release|Any CPU
		{2C17695F-93AD-4BD2-9970-999A05028025}.Release|Any CPU.Build.0 = Release|Any CPU
		{812630C9-ED5D-481D-AADC-46933243545E}.Debug|Any CPU.ActiveCfg = Debug|Any CPU
		{812630C9-ED5D-481D-AADC-46933243545E}.Debug|Any CPU.Build.0 = Debug|Any CPU
		{812630C9-ED5D-481D-AADC-46933243545E}.Release|Any CPU.ActiveCfg = Release|Any CPU
		{812630C9-ED5D-481D-AADC-46933243545E}.Release|Any CPU.Build.0 = Release|Any CPU
		{E14835CB-6B5C-4590-8E24-7EF20029A990}.Debug|Any CPU.ActiveCfg = Debug|Any CPU
		{E14835CB-6B5C-4590-8E24-7EF20029A990}.Debug|Any CPU.Build.0 = Debug|Any CPU
		{E14835CB-6B5C-4590-8E24-7EF20029A990}.Release|Any CPU.ActiveCfg = Release|Any CPU
		{E14835CB-6B5C-4590-8E24-7EF20029A990}.Release|Any CPU.Build.0 = Release|Any CPU
		{CC82AD19-B609-46F2-81DE-7C60982558BC}.Debug|Any CPU.ActiveCfg = Debug|Any CPU
		{CC82AD19-B609-46F2-81DE-7C60982558BC}.Debug|Any CPU.Build.0 = Debug|Any CPU
		{CC82AD19-B609-46F2-81DE-7C60982558BC}.Release|Any CPU.ActiveCfg = Release|Any CPU
		{CC82AD19-B609-46F2-81DE-7C60982558BC}.Release|Any CPU.Build.0 = Release|Any CPU
	EndGlobalSection
	GlobalSection(SolutionProperties) = preSolution
		HideSolutionNode = FALSE
	EndGlobalSection
	GlobalSection(ExtensibilityGlobals) = postSolution
		SolutionGuid = {4FAA3A71-1170-4856-A473-696565489FBA}
	EndGlobalSection
EndGlobal
